
Microsoft Visual Studio Solution File, Format Version 12.00
# Visual Studio Version 16
VisualStudioVersion = 16.0.29905.134
MinimumVisualStudioVersion = 10.0.40219.1
Project("{FAE04EC0-301F-11D3-BF4B-00C04F79EFBC}") = "Selenium", "Selenium\Selenium.csproj", "{6399C8DF-4A72-4E9E-931F-9CF83D83E1A3}"
EndProject
Global
	GlobalSection(SolutionConfigurationPlatforms) = preSolution
		Debug|Any CPU = Debug|Any CPU
		Release|Any CPU = Release|Any CPU
	EndGlobalSection
	GlobalSection(ProjectConfigurationPlatforms) = postSolution
		{6399C8DF-4A72-4E9E-931F-9CF83D83E1A3}.Debug|Any CPU.ActiveCfg = Debug|Any CPU
		{6399C8DF-4A72-4E9E-931F-9CF83D83E1A3}.Debug|Any CPU.Build.0 = Debug|Any CPU
		{6399C8DF-4A72-4E9E-931F-9CF83D83E1A3}.Release|Any CPU.ActiveCfg = Release|Any CPU
		{6399C8DF-4A72-4E9E-931F-9CF83D83E1A3}.Release|Any CPU.Build.0 = Release|Any CPU
	EndGlobalSection
	GlobalSection(SolutionProperties) = preSolution
		HideSolutionNode = FALSE
	EndGlobalSection
	GlobalSection(ExtensibilityGlobals) = postSolution
		SolutionGuid = {718B5AC9-238E-4768-A798-2A7591214401}
	EndGlobalSection
EndGlobal
